
Microsoft Visual Studio Solution File, Format Version 12.00
# Visual Studio Version 17
VisualStudioVersion = 17.9.34728.123
MinimumVisualStudioVersion = 10.0.40219.1
Project("{FAE04EC0-301F-11D3-BF4B-00C04F79EFBC}") = "Api", "Api\Api.csproj", "{36BF1BE0-5F86-4AB0-98F0-B8766E118117}"
EndProject
Project("{FAE04EC0-301F-11D3-BF4B-00C04F79EFBC}") = "Api.Test", "Api.Test\Api.Test.csproj", "{DD0586CD-12CF-4B4A-9A9E-AB5408DBCAE2}"
EndProject
Global
	GlobalSection(SolutionConfigurationPlatforms) = preSolution
		Debug|Any CPU = Debug|Any CPU
		Release|Any CPU = Release|Any CPU
	EndGlobalSection
	GlobalSection(ProjectConfigurationPlatforms) = postSolution
		{36BF1BE0-5F86-4AB0-98F0-B8766E118117}.Debug|Any CPU.ActiveCfg = Debug|Any CPU
		{36BF1BE0-5F86-4AB0-98F0-B8766E118117}.Debug|Any CPU.Build.0 = Debug|Any CPU
		{36BF1BE0-5F86-4AB0-98F0-B8766E118117}.Release|Any CPU.ActiveCfg = Release|Any CPU
		{36BF1BE0-5F86-4AB0-98F0-B8766E118117}.Release|Any CPU.Build.0 = Release|Any CPU
		{DD0586CD-12CF-4B4A-9A9E-AB5408DBCAE2}.Debug|Any CPU.ActiveCfg = Debug|Any CPU
		{DD0586CD-12CF-4B4A-9A9E-AB5408DBCAE2}.Debug|Any CPU.Build.0 = Debug|Any CPU
		{DD0586CD-12CF-4B4A-9A9E-AB5408DBCAE2}.Release|Any CPU.ActiveCfg = Release|Any CPU
		{DD0586CD-12CF-4B4A-9A9E-AB5408DBCAE2}.Release|Any CPU.Build.0 = Release|Any CPU
	EndGlobalSection
	GlobalSection(SolutionProperties) = preSolution
		HideSolutionNode = FALSE
	EndGlobalSection
	GlobalSection(ExtensibilityGlobals) = postSolution
		SolutionGuid = {48C52810-74BD-4427-8012-50A49967967C}
	EndGlobalSection
EndGlobal
